{
  "nodes": {
    "home-manager": {
      "inputs": {
        "nixpkgs": [
          "nixpkgs"
        ],
        "utils": "utils"
      },
      "locked": {
        "lastModified": 1674440933,
        "narHash": "sha256-CASRcD/rK3fn5vUCti3jzry7zi0GsqRsBohNq9wPgLs=",
        "owner": "nix-community",
        "repo": "home-manager",
        "rev": "65c47ced082e3353113614f77b1bc18822dc731f",
        "type": "github"
      },
      "original": {
        "owner": "nix-community",
        "ref": "release-22.11",
        "repo": "home-manager",
        "type": "github"
      }
    },
    "nixos-hardware": {
      "locked": {
        "lastModified": 1675933606,
        "narHash": "sha256-y427VhPQHOKkYvkc9MMsL/2R7M11rQxzsRdRLM3htx8=",
        "owner": "nixos",
        "repo": "nixos-hardware",
        "rev": "44ae00e02e8036a66c08f4decdece7e3bbbefee2",
        "type": "github"
      },
      "original": {
        "owner": "nixos",
        "repo": "nixos-hardware",
        "type": "github"
      }
    },
    "nixpkgs": {
      "locked": {
        "lastModified": 1675757258,
        "narHash": "sha256-pIRer8vdsoherlRKpzfnHbMZ5TsAcvRlXHCIaHkIUbg=",
        "owner": "nixos",
        "repo": "nixpkgs",
        "rev": "af96094e9b8eb162d70a84fa3b39f4b7a8b264d2",
        "type": "github"
      },
      "original": {
        "owner": "nixos",
        "ref": "nixos-22.11",
        "repo": "nixpkgs",
        "type": "github"
      }
    },
    "nixpkgs-unstable": {
      "locked": {
        "lastModified": 1675763311,
        "narHash": "sha256-bz0Q2H3mxsF1CUfk26Sl9Uzi8/HFjGFD/moZHz1HebU=",
        "owner": "nixos",
        "repo": "nixpkgs",
        "rev": "fab09085df1b60d6a0870c8a89ce26d5a4a708c2",
        "type": "github"
      },
      "original": {
        "owner": "nixos",
        "ref": "nixos-unstable",
        "repo": "nixpkgs",
        "type": "github"
      }
    },
    "private": {
      "locked": {
        "lastModified": 1656526244,
        "narHash": "sha256-FLoNh/rvQhkwMSzKj0lzkX3l+TY3Zp5sJZpwaxsLY7E=",
        "ref": "unified",
        "rev": "214732b6071afb2a9a1c2510528ce4f35c1b299e",
        "revCount": 30,
        "type": "git",
        "url": "ssh://git@github.com/artemist/nixos-config-private"
      },
      "original": {
        "ref": "unified",
        "type": "git",
        "url": "ssh://git@github.com/artemist/nixos-config-private"
      }
    },
    "root": {
      "inputs": {
        "home-manager": "home-manager",
        "nixos-hardware": "nixos-hardware",
        "nixpkgs": "nixpkgs",
        "nixpkgs-unstable": "nixpkgs-unstable",
        "private": "private",
        "rustybar": "rustybar",
        "wip-pinebook-pro": "wip-pinebook-pro"
      }
    },
    "rustybar": {
      "inputs": {
        "nixpkgs": [
          "nixpkgs"
        ],
        "utils": "utils_2"
      },
      "locked": {
        "lastModified": 1637380210,
        "narHash": "sha256-aUpCO7JeSlhG2ydZucnzHTQdCd849u1EzTgIqTjpJV4=",
        "owner": "mildlyfunctionalgays",
        "repo": "rustybar",
        "rev": "c21016e81ad2b460e05d1049cd15aafeac6f5dc9",
        "type": "github"
      },
      "original": {
        "owner": "mildlyfunctionalgays",
        "repo": "rustybar",
        "type": "github"
      }
    },
    "utils": {
      "locked": {
        "lastModified": 1667395993,
        "narHash": "sha256-nuEHfE/LcWyuSWnS8t12N1wc105Qtau+/OdUAjtQ0rA=",
        "owner": "numtide",
        "repo": "flake-utils",
        "rev": "5aed5285a952e0b949eb3ba02c12fa4fcfef535f",
        "type": "github"
      },
      "original": {
        "owner": "numtide",
        "repo": "flake-utils",
        "type": "github"
      }
    },
    "utils_2": {
      "locked": {
        "lastModified": 1637014545,
        "narHash": "sha256-26IZAc5yzlD9FlDT54io1oqG/bBoyka+FJk5guaX4x4=",
        "owner": "numtide",
        "repo": "flake-utils",
        "rev": "bba5dcc8e0b20ab664967ad83d24d64cb64ec4f4",
        "type": "github"
      },
      "original": {
        "owner": "numtide",
        "repo": "flake-utils",
        "type": "github"
      }
    },
    "wip-pinebook-pro": {
      "flake": false,
      "locked": {
        "lastModified": 1648577588,
        "narHash": "sha256-ur0wxh0hrQH2BiFBxfmm16dJtS+tGzIU9EN3EZpSCpQ=",
        "owner": "samueldr",
        "repo": "wip-pinebook-pro",
        "rev": "97751d24818f5fdc7abf4418fcfcc31fecfcc18a",
        "type": "github"
      },
      "original": {
        "owner": "samueldr",
        "repo": "wip-pinebook-pro",
        "type": "github"
      }
    }
  },
  "root": "root",
  "version": 7
}
