{
  "nodes": {
    "home-manager": {
      "inputs": {
        "nixpkgs": [
          "nixpkgs"
        ]
      },
      "locked": {
        "lastModified": 1667469118,
        "narHash": "sha256-2YrDEmeYKCDOCuDDrjHoaUOVO3hyh9cIrWAJET1HPg8=",
        "owner": "nix-community",
        "repo": "home-manager",
        "rev": "d78b3488a76d251701ab58a9b7f0dd092b806c1e",
        "type": "github"
      },
      "original": {
        "owner": "nix-community",
        "ref": "release-22.05",
        "repo": "home-manager",
        "type": "github"
      }
    },
    "nixos-hardware": {
      "locked": {
        "lastModified": 1667283320,
        "narHash": "sha256-qHvB/6XBKVjjJJCUM+z6/t9HzUC7J55wdY3KJ/ZWSHo=",
        "owner": "nixos",
        "repo": "nixos-hardware",
        "rev": "18934557eeba8fa2e575b0fd4ab95186e2e3bde3",
        "type": "github"
      },
      "original": {
        "owner": "nixos",
        "repo": "nixos-hardware",
        "type": "github"
      }
    },
    "nixpkgs": {
      "locked": {
        "lastModified": 1667318659,
        "narHash": "sha256-mRXqCdlnxPgm3Wk7mNAOanl7B3Q3U5scYTEiyYmNEOE=",
        "owner": "nixos",
        "repo": "nixpkgs",
        "rev": "b3a8f7ed267e0a7ed100eb7d716c9137ff120fe3",
        "type": "github"
      },
      "original": {
        "owner": "nixos",
        "ref": "nixos-22.05",
        "repo": "nixpkgs",
        "type": "github"
      }
    },
    "nixpkgs-unstable": {
      "locked": {
        "lastModified": 1667426640,
        "narHash": "sha256-zJFPcWL9i0Y1BqzqEa8RKx+SiUgupHhYqPDCaFmlBpw=",
        "owner": "nixos",
        "repo": "nixpkgs",
        "rev": "636051e353461f073ac55d5d42c1ed062a345046",
        "type": "github"
      },
      "original": {
        "owner": "nixos",
        "ref": "nixos-unstable",
        "repo": "nixpkgs",
        "type": "github"
      }
    },
    "private": {
      "locked": {
        "lastModified": 1656526244,
        "narHash": "sha256-FLoNh/rvQhkwMSzKj0lzkX3l+TY3Zp5sJZpwaxsLY7E=",
        "ref": "unified",
        "rev": "214732b6071afb2a9a1c2510528ce4f35c1b299e",
        "revCount": 30,
        "type": "git",
        "url": "ssh://git@github.com/artemist/nixos-config-private"
      },
      "original": {
        "ref": "unified",
        "type": "git",
        "url": "ssh://git@github.com/artemist/nixos-config-private"
      }
    },
    "root": {
      "inputs": {
        "home-manager": "home-manager",
        "nixos-hardware": "nixos-hardware",
        "nixpkgs": "nixpkgs",
        "nixpkgs-unstable": "nixpkgs-unstable",
        "private": "private",
        "rustybar": "rustybar",
        "wip-pinebook-pro": "wip-pinebook-pro"
      }
    },
    "rustybar": {
      "inputs": {
        "nixpkgs": [
          "nixpkgs"
        ],
        "utils": "utils"
      },
      "locked": {
        "lastModified": 1637380210,
        "narHash": "sha256-aUpCO7JeSlhG2ydZucnzHTQdCd849u1EzTgIqTjpJV4=",
        "owner": "mildlyfunctionalgays",
        "repo": "rustybar",
        "rev": "c21016e81ad2b460e05d1049cd15aafeac6f5dc9",
        "type": "github"
      },
      "original": {
        "owner": "mildlyfunctionalgays",
        "repo": "rustybar",
        "type": "github"
      }
    },
    "utils": {
      "locked": {
        "lastModified": 1637014545,
        "narHash": "sha256-26IZAc5yzlD9FlDT54io1oqG/bBoyka+FJk5guaX4x4=",
        "owner": "numtide",
        "repo": "flake-utils",
        "rev": "bba5dcc8e0b20ab664967ad83d24d64cb64ec4f4",
        "type": "github"
      },
      "original": {
        "owner": "numtide",
        "repo": "flake-utils",
        "type": "github"
      }
    },
    "wip-pinebook-pro": {
      "flake": false,
      "locked": {
        "lastModified": 1648577588,
        "narHash": "sha256-ur0wxh0hrQH2BiFBxfmm16dJtS+tGzIU9EN3EZpSCpQ=",
        "owner": "samueldr",
        "repo": "wip-pinebook-pro",
        "rev": "97751d24818f5fdc7abf4418fcfcc31fecfcc18a",
        "type": "github"
      },
      "original": {
        "owner": "samueldr",
        "repo": "wip-pinebook-pro",
        "type": "github"
      }
    }
  },
  "root": "root",
  "version": 7
}
